
Microsoft Visual Studio Solution File, Format Version 12.00
# Visual Studio 15
VisualStudioVersion = 15.0.26124.0
MinimumVisualStudioVersion = 15.0.26124.0
Project("{FAE04EC0-301F-11D3-BF4B-00C04F79EFBC}") = "PizzaShop.Client", "PizzaShop.Client\PizzaShop.Client.csproj", "{D38E0682-988B-4A9F-89B8-B401107B81EA}"
EndProject
Project("{FAE04EC0-301F-11D3-BF4B-00C04F79EFBC}") = "PizzaShop.Domain", "PizzaShop.Domain\PizzaShop.Domain.csproj", "{3F8662AB-14EF-4538-BF80-C1862BE45B4C}"
EndProject
Project("{FAE04EC0-301F-11D3-BF4B-00C04F79EFBC}") = "PizzaShop.Testing", "PizzaShop.Testing\PizzaShop.Testing.csproj", "{961D77D9-65A5-4588-A088-00F26F1DEB1D}"
EndProject
Global
	GlobalSection(SolutionConfigurationPlatforms) = preSolution
		Debug|Any CPU = Debug|Any CPU
		Debug|x64 = Debug|x64
		Debug|x86 = Debug|x86
		Release|Any CPU = Release|Any CPU
		Release|x64 = Release|x64
		Release|x86 = Release|x86
	EndGlobalSection
	GlobalSection(SolutionProperties) = preSolution
		HideSolutionNode = FALSE
	EndGlobalSection
	GlobalSection(ProjectConfigurationPlatforms) = postSolution
		{D38E0682-988B-4A9F-89B8-B401107B81EA}.Debug|Any CPU.ActiveCfg = Debug|Any CPU
		{D38E0682-988B-4A9F-89B8-B401107B81EA}.Debug|Any CPU.Build.0 = Debug|Any CPU
		{D38E0682-988B-4A9F-89B8-B401107B81EA}.Debug|x64.ActiveCfg = Debug|Any CPU
		{D38E0682-988B-4A9F-89B8-B401107B81EA}.Debug|x64.Build.0 = Debug|Any CPU
		{D38E0682-988B-4A9F-89B8-B401107B81EA}.Debug|x86.ActiveCfg = Debug|Any CPU
		{D38E0682-988B-4A9F-89B8-B401107B81EA}.Debug|x86.Build.0 = Debug|Any CPU
		{D38E0682-988B-4A9F-89B8-B401107B81EA}.Release|Any CPU.ActiveCfg = Release|Any CPU
		{D38E0682-988B-4A9F-89B8-B401107B81EA}.Release|Any CPU.Build.0 = Release|Any CPU
		{D38E0682-988B-4A9F-89B8-B401107B81EA}.Release|x64.ActiveCfg = Release|Any CPU
		{D38E0682-988B-4A9F-89B8-B401107B81EA}.Release|x64.Build.0 = Release|Any CPU
		{D38E0682-988B-4A9F-89B8-B401107B81EA}.Release|x86.ActiveCfg = Release|Any CPU
		{D38E0682-988B-4A9F-89B8-B401107B81EA}.Release|x86.Build.0 = Release|Any CPU
		{3F8662AB-14EF-4538-BF80-C1862BE45B4C}.Debug|Any CPU.ActiveCfg = Debug|Any CPU
		{3F8662AB-14EF-4538-BF80-C1862BE45B4C}.Debug|Any CPU.Build.0 = Debug|Any CPU
		{3F8662AB-14EF-4538-BF80-C1862BE45B4C}.Debug|x64.ActiveCfg = Debug|Any CPU
		{3F8662AB-14EF-4538-BF80-C1862BE45B4C}.Debug|x64.Build.0 = Debug|Any CPU
		{3F8662AB-14EF-4538-BF80-C1862BE45B4C}.Debug|x86.ActiveCfg = Debug|Any CPU
		{3F8662AB-14EF-4538-BF80-C1862BE45B4C}.Debug|x86.Build.0 = Debug|Any CPU
		{3F8662AB-14EF-4538-BF80-C1862BE45B4C}.Release|Any CPU.ActiveCfg = Release|Any CPU
		{3F8662AB-14EF-4538-BF80-C1862BE45B4C}.Release|Any CPU.Build.0 = Release|Any CPU
		{3F8662AB-14EF-4538-BF80-C1862BE45B4C}.Release|x64.ActiveCfg = Release|Any CPU
		{3F8662AB-14EF-4538-BF80-C1862BE45B4C}.Release|x64.Build.0 = Release|Any CPU
		{3F8662AB-14EF-4538-BF80-C1862BE45B4C}.Release|x86.ActiveCfg = Release|Any CPU
		{3F8662AB-14EF-4538-BF80-C1862BE45B4C}.Release|x86.Build.0 = Release|Any CPU
		{961D77D9-65A5-4588-A088-00F26F1DEB1D}.Debug|Any CPU.ActiveCfg = Debug|Any CPU
		{961D77D9-65A5-4588-A088-00F26F1DEB1D}.Debug|Any CPU.Build.0 = Debug|Any CPU
		{961D77D9-65A5-4588-A088-00F26F1DEB1D}.Debug|x64.ActiveCfg = Debug|Any CPU
		{961D77D9-65A5-4588-A088-00F26F1DEB1D}.Debug|x64.Build.0 = Debug|Any CPU
		{961D77D9-65A5-4588-A088-00F26F1DEB1D}.Debug|x86.ActiveCfg = Debug|Any CPU
		{961D77D9-65A5-4588-A088-00F26F1DEB1D}.Debug|x86.Build.0 = Debug|Any CPU
		{961D77D9-65A5-4588-A088-00F26F1DEB1D}.Release|Any CPU.ActiveCfg = Release|Any CPU
		{961D77D9-65A5-4588-A088-00F26F1DEB1D}.Release|Any CPU.Build.0 = Release|Any CPU
		{961D77D9-65A5-4588-A088-00F26F1DEB1D}.Release|x64.ActiveCfg = Release|Any CPU
		{961D77D9-65A5-4588-A088-00F26F1DEB1D}.Release|x64.Build.0 = Release|Any CPU
		{961D77D9-65A5-4588-A088-00F26F1DEB1D}.Release|x86.ActiveCfg = Release|Any CPU
		{961D77D9-65A5-4588-A088-00F26F1DEB1D}.Release|x86.Build.0 = Release|Any CPU
	EndGlobalSection
EndGlobal
